// !$*UTF8*$!
{
	archiveVersion = 1;
	classes = {
	};
	objectVersion = 50;
	objects = {

/* Begin PBXBuildFile section */
		CDE5127725C397C90008BE6E /* AppDelegate.swift in Sources */ = {isa = PBXBuildFile; fileRef = CDE5127625C397C90008BE6E /* AppDelegate.swift */; };
		CDE5127925C397C90008BE6E /* SceneDelegate.swift in Sources */ = {isa = PBXBuildFile; fileRef = CDE5127825C397C90008BE6E /* SceneDelegate.swift */; };
		CDE5127B25C397C90008BE6E /* ViewController.swift in Sources */ = {isa = PBXBuildFile; fileRef = CDE5127A25C397C90008BE6E /* ViewController.swift */; };
		CDE5127E25C397C90008BE6E /* Main.storyboard in Resources */ = {isa = PBXBuildFile; fileRef = CDE5127C25C397C90008BE6E /* Main.storyboard */; };
		CDE5128025C397CB0008BE6E /* Assets.xcassets in Resources */ = {isa = PBXBuildFile; fileRef = CDE5127F25C397CB0008BE6E /* Assets.xcassets */; };
		CDE5128325C397CB0008BE6E /* LaunchScreen.storyboard in Resources */ = {isa = PBXBuildFile; fileRef = CDE5128125C397CB0008BE6E /* LaunchScreen.storyboard */; };
		CDE5128E25C397CB0008BE6E /* GameAppTests.swift in Sources */ = {isa = PBXBuildFile; fileRef = CDE5128D25C397CB0008BE6E /* GameAppTests.swift */; };
		CDE5129925C397CB0008BE6E /* GameAppUITests.swift in Sources */ = {isa = PBXBuildFile; fileRef = CDE5129825C397CB0008BE6E /* GameAppUITests.swift */; };
/* End PBXBuildFile section */

/* Begin PBXContainerItemProxy section */
		CDE5128A25C397CB0008BE6E /* PBXContainerItemProxy */ = {
			isa = PBXContainerItemProxy;
			containerPortal = CDE5126B25C397C90008BE6E /* Project object */;
			proxyType = 1;
			remoteGlobalIDString = CDE5127225C397C90008BE6E;
			remoteInfo = GameApp;
		};
		CDE5129525C397CB0008BE6E /* PBXContainerItemProxy */ = {
			isa = PBXContainerItemProxy;
			containerPortal = CDE5126B25C397C90008BE6E /* Project object */;
			proxyType = 1;
			remoteGlobalIDString = CDE5127225C397C90008BE6E;
			remoteInfo = GameApp;
		};
/* End PBXContainerItemProxy section */

/* Begin PBXFileReference section */
		CDE5127325C397C90008BE6E /* GameApp.app */ = {isa = PBXFileReference; explicitFileType = wrapper.application; includeInIndex = 0; path = GameApp.app; sourceTree = BUILT_PRODUCTS_DIR; };
		CDE5127625C397C90008BE6E /* AppDelegate.swift */ = {isa = PBXFileReference; lastKnownFileType = sourcecode.swift; path = AppDelegate.swift; sourceTree = "<group>"; };
		CDE5127825C397C90008BE6E /* SceneDelegate.swift */ = {isa = PBXFileReference; lastKnownFileType = sourcecode.swift; path = SceneDelegate.swift; sourceTree = "<group>"; };
		CDE5127A25C397C90008BE6E /* ViewController.swift */ = {isa = PBXFileReference; lastKnownFileType = sourcecode.swift; path = ViewController.swift; sourceTree = "<group>"; };
		CDE5127D25C397C90008BE6E /* Base */ = {isa = PBXFileReference; lastKnownFileType = file.storyboard; name = Base; path = Base.lproj/Main.storyboard; sourceTree = "<group>"; };
		CDE5127F25C397CB0008BE6E /* Assets.xcassets */ = {isa = PBXFileReference; lastKnownFileType = folder.assetcatalog; path = Assets.xcassets; sourceTree = "<group>"; };
		CDE5128225C397CB0008BE6E /* Base */ = {isa = PBXFileReference; lastKnownFileType = file.storyboard; name = Base; path = Base.lproj/LaunchScreen.storyboard; sourceTree = "<group>"; };
		CDE5128425C397CB0008BE6E /* Info.plist */ = {isa = PBXFileReference; lastKnownFileType = text.plist.xml; path = Info.plist; sourceTree = "<group>"; };
		CDE5128925C397CB0008BE6E /* GameAppTests.xctest */ = {isa = PBXFileReference; explicitFileType = wrapper.cfbundle; includeInIndex = 0; path = GameAppTests.xctest; sourceTree = BUILT_PRODUCTS_DIR; };
		CDE5128D25C397CB0008BE6E /* GameAppTests.swift */ = {isa = PBXFileReference; lastKnownFileType = sourcecode.swift; path = GameAppTests.swift; sourceTree = "<group>"; };
		CDE5128F25C397CB0008BE6E /* Info.plist */ = {isa = PBXFileReference; lastKnownFileType = text.plist.xml; path = Info.plist; sourceTree = "<group>"; };
		CDE5129425C397CB0008BE6E /* GameAppUITests.xctest */ = {isa = PBXFileReference; explicitFileType = wrapper.cfbundle; includeInIndex = 0; path = GameAppUITests.xctest; sourceTree = BUILT_PRODUCTS_DIR; };
		CDE5129825C397CB0008BE6E /* GameAppUITests.swift */ = {isa = PBXFileReference; lastKnownFileType = sourcecode.swift; path = GameAppUITests.swift; sourceTree = "<group>"; };
		CDE5129A25C397CB0008BE6E /* Info.plist */ = {isa = PBXFileReference; lastKnownFileType = text.plist.xml; path = Info.plist; sourceTree = "<group>"; };
/* End PBXFileReference section */

/* Begin PBXFrameworksBuildPhase section */
		CDE5127025C397C90008BE6E /* Frameworks */ = {
			isa = PBXFrameworksBuildPhase;
			buildActionMask = 2147483647;
			files = (
			);
			runOnlyForDeploymentPostprocessing = 0;
		};
		CDE5128625C397CB0008BE6E /* Frameworks */ = {
			isa = PBXFrameworksBuildPhase;
			buildActionMask = 2147483647;
			files = (
			);
			runOnlyForDeploymentPostprocessing = 0;
		};
		CDE5129125C397CB0008BE6E /* Frameworks */ = {
			isa = PBXFrameworksBuildPhase;
			buildActionMask = 2147483647;
			files = (
			);
			runOnlyForDeploymentPostprocessing = 0;
		};
/* End PBXFrameworksBuildPhase section */

/* Begin PBXGroup section */
		CDE5126A25C397C90008BE6E = {
			isa = PBXGroup;
			children = (
				CDE5127525C397C90008BE6E /* GameApp */,
				CDE5128C25C397CB0008BE6E /* GameAppTests */,
				CDE5129725C397CB0008BE6E /* GameAppUITests */,
				CDE5127425C397C90008BE6E /* Products */,
			);
			sourceTree = "<group>";
		};
		CDE5127425C397C90008BE6E /* Products */ = {
			isa = PBXGroup;
			children = (
				CDE5127325C397C90008BE6E /* GameApp.app */,
				CDE5128925C397CB0008BE6E /* GameAppTests.xctest */,
				CDE5129425C397CB0008BE6E /* GameAppUITests.xctest */,
			);
			name = Products;
			sourceTree = "<group>";
		};
		CDE5127525C397C90008BE6E /* GameApp */ = {
			isa = PBXGroup;
			children = (
				CDE5127625C397C90008BE6E /* AppDelegate.swift */,
				CDE5127825C397C90008BE6E /* SceneDelegate.swift */,
				CDE5127A25C397C90008BE6E /* ViewController.swift */,
				CDE5127C25C397C90008BE6E /* Main.storyboard */,
				CDE5127F25C397CB0008BE6E /* Assets.xcassets */,
				CDE5128125C397CB0008BE6E /* LaunchScreen.storyboard */,
				CDE5128425C397CB0008BE6E /* Info.plist */,
			);
			path = GameApp;
			sourceTree = "<group>";
		};
		CDE5128C25C397CB0008BE6E /* GameAppTests */ = {
			isa = PBXGroup;
			children = (
				CDE5128D25C397CB0008BE6E /* GameAppTests.swift */,
				CDE5128F25C397CB0008BE6E /* Info.plist */,
			);
			path = GameAppTests;
			sourceTree = "<group>";
		};
		CDE5129725C397CB0008BE6E /* GameAppUITests */ = {
			isa = PBXGroup;
			children = (
				CDE5129825C397CB0008BE6E /* GameAppUITests.swift */,
				CDE5129A25C397CB0008BE6E /* Info.plist */,
			);
			path = GameAppUITests;
			sourceTree = "<group>";
		};
/* End PBXGroup section */

/* Begin PBXNativeTarget section */
		CDE5127225C397C90008BE6E /* GameApp */ = {
			isa = PBXNativeTarget;
			buildConfigurationList = CDE5129D25C397CB0008BE6E /* Build configuration list for PBXNativeTarget "GameApp" */;
			buildPhases = (
				CDE5126F25C397C90008BE6E /* Sources */,
				CDE5127025C397C90008BE6E /* Frameworks */,
				CDE5127125C397C90008BE6E /* Resources */,
			);
			buildRules = (
			);
			dependencies = (
			);
			name = GameApp;
			productName = GameApp;
			productReference = CDE5127325C397C90008BE6E /* GameApp.app */;
			productType = "com.apple.product-type.application";
		};
		CDE5128825C397CB0008BE6E /* GameAppTests */ = {
			isa = PBXNativeTarget;
			buildConfigurationList = CDE512A025C397CB0008BE6E /* Build configuration list for PBXNativeTarget "GameAppTests" */;
			buildPhases = (
				CDE5128525C397CB0008BE6E /* Sources */,
				CDE5128625C397CB0008BE6E /* Frameworks */,
				CDE5128725C397CB0008BE6E /* Resources */,
			);
			buildRules = (
			);
			dependencies = (
				CDE5128B25C397CB0008BE6E /* PBXTargetDependency */,
			);
			name = GameAppTests;
			productName = GameAppTests;
			productReference = CDE5128925C397CB0008BE6E /* GameAppTests.xctest */;
			productType = "com.apple.product-type.bundle.unit-test";
		};
		CDE5129325C397CB0008BE6E /* GameAppUITests */ = {
			isa = PBXNativeTarget;
			buildConfigurationList = CDE512A325C397CB0008BE6E /* Build configuration list for PBXNativeTarget "GameAppUITests" */;
			buildPhases = (
				CDE5129025C397CB0008BE6E /* Sources */,
				CDE5129125C397CB0008BE6E /* Frameworks */,
				CDE5129225C397CB0008BE6E /* Resources */,
			);
			buildRules = (
			);
			dependencies = (
				CDE5129625C397CB0008BE6E /* PBXTargetDependency */,
			);
			name = GameAppUITests;
			productName = GameAppUITests;
			productReference = CDE5129425C397CB0008BE6E /* GameAppUITests.xctest */;
			productType = "com.apple.product-type.bundle.ui-testing";
		};
/* End PBXNativeTarget section */

/* Begin PBXProject section */
		CDE5126B25C397C90008BE6E /* Project object */ = {
			isa = PBXProject;
			attributes = {
				LastSwiftUpdateCheck = 1240;
				LastUpgradeCheck = 1240;
				TargetAttributes = {
					CDE5127225C397C90008BE6E = {
						CreatedOnToolsVersion = 12.4;
					};
					CDE5128825C397CB0008BE6E = {
						CreatedOnToolsVersion = 12.4;
						TestTargetID = CDE5127225C397C90008BE6E;
					};
					CDE5129325C397CB0008BE6E = {
						CreatedOnToolsVersion = 12.4;
						TestTargetID = CDE5127225C397C90008BE6E;
					};
				};
			};
			buildConfigurationList = CDE5126E25C397C90008BE6E /* Build configuration list for PBXProject "GameApp" */;
			compatibilityVersion = "Xcode 9.3";
			developmentRegion = en;
			hasScannedForEncodings = 0;
			knownRegions = (
				en,
				Base,
			);
			mainGroup = CDE5126A25C397C90008BE6E;
			productRefGroup = CDE5127425C397C90008BE6E /* Products */;
			projectDirPath = "";
			projectRoot = "";
			targets = (
				CDE5127225C397C90008BE6E /* GameApp */,
				CDE5128825C397CB0008BE6E /* GameAppTests */,
				CDE5129325C397CB0008BE6E /* GameAppUITests */,
			);
		};
/* End PBXProject section */

/* Begin PBXResourcesBuildPhase section */
		CDE5127125C397C90008BE6E /* Resources */ = {
			isa = PBXResourcesBuildPhase;
			buildActionMask = 2147483647;
			files = (
				CDE5128325C397CB0008BE6E /* LaunchScreen.storyboard in Resources */,
				CDE5128025C397CB0008BE6E /* Assets.xcassets in Resources */,
				CDE5127E25C397C90008BE6E /* Main.storyboard in Resources */,
			);
			runOnlyForDeploymentPostprocessing = 0;
		};
		CDE5128725C397CB0008BE6E /* Resources */ = {
			isa = PBXResourcesBuildPhase;
			buildActionMask = 2147483647;
			files = (
			);
			runOnlyForDeploymentPostprocessing = 0;
		};
		CDE5129225C397CB0008BE6E /* Resources */ = {
			isa = PBXResourcesBuildPhase;
			buildActionMask = 2147483647;
			files = (
			);
			runOnlyForDeploymentPostprocessing = 0;
		};
/* End PBXResourcesBuildPhase section */

/* Begin PBXSourcesBuildPhase section */
		CDE5126F25C397C90008BE6E /* Sources */ = {
			isa = PBXSourcesBuildPhase;
			buildActionMask = 2147483647;
			files = (
				CDE5127B25C397C90008BE6E /* ViewController.swift in Sources */,
				CDE5127725C397C90008BE6E /* AppDelegate.swift in Sources */,
				CDE5127925C397C90008BE6E /* SceneDelegate.swift in Sources */,
			);
			runOnlyForDeploymentPostprocessing = 0;
		};
		CDE5128525C397CB0008BE6E /* Sources */ = {
			isa = PBXSourcesBuildPhase;
			buildActionMask = 2147483647;
			files = (
				CDE5128E25C397CB0008BE6E /* GameAppTests.swift in Sources */,
			);
			runOnlyForDeploymentPostprocessing = 0;
		};
		CDE5129025C397CB0008BE6E /* Sources */ = {
			isa = PBXSourcesBuildPhase;
			buildActionMask = 2147483647;
			files = (
				CDE5129925C397CB0008BE6E /* GameAppUITests.swift in Sources */,
			);
			runOnlyForDeploymentPostprocessing = 0;
		};
/* End PBXSourcesBuildPhase section */

/* Begin PBXTargetDependency section */
		CDE5128B25C397CB0008BE6E /* PBXTargetDependency */ = {
			isa = PBXTargetDependency;
			target = CDE5127225C397C90008BE6E /* GameApp */;
			targetProxy = CDE5128A25C397CB0008BE6E /* PBXContainerItemProxy */;
		};
		CDE5129625C397CB0008BE6E /* PBXTargetDependency */ = {
			isa = PBXTargetDependency;
			target = CDE5127225C397C90008BE6E /* GameApp */;
			targetProxy = CDE5129525C397CB0008BE6E /* PBXContainerItemProxy */;
		};
/* End PBXTargetDependency section */

/* Begin PBXVariantGroup section */
		CDE5127C25C397C90008BE6E /* Main.storyboard */ = {
			isa = PBXVariantGroup;
			children = (
				CDE5127D25C397C90008BE6E /* Base */,
			);
			name = Main.storyboard;
			sourceTree = "<group>";
		};
		CDE5128125C397CB0008BE6E /* LaunchScreen.storyboard */ = {
			isa = PBXVariantGroup;
			children = (
				CDE5128225C397CB0008BE6E /* Base */,
			);
			name = LaunchScreen.storyboard;
			sourceTree = "<group>";
		};
/* End PBXVariantGroup section */

/* Begin XCBuildConfiguration section */
		CDE5129B25C397CB0008BE6E /* Debug */ = {
			isa = XCBuildConfiguration;
			buildSettings = {
				ALWAYS_SEARCH_USER_PATHS = NO;
				CLANG_ANALYZER_NONNULL = YES;
				CLANG_ANALYZER_NUMBER_OBJECT_CONVERSION = YES_AGGRESSIVE;
				CLANG_CXX_LANGUAGE_STANDARD = "gnu++14";
				CLANG_CXX_LIBRARY = "libc++";
				CLANG_ENABLE_MODULES = YES;
				CLANG_ENABLE_OBJC_ARC = YES;
				CLANG_ENABLE_OBJC_WEAK = YES;
				CLANG_WARN_BLOCK_CAPTURE_AUTORELEASING = YES;
				CLANG_WARN_BOOL_CONVERSION = YES;
				CLANG_WARN_COMMA = YES;
				CLANG_WARN_CONSTANT_CONVERSION = YES;
				CLANG_WARN_DEPRECATED_OBJC_IMPLEMENTATIONS = YES;
				CLANG_WARN_DIRECT_OBJC_ISA_USAGE = YES_ERROR;
				CLANG_WARN_DOCUMENTATION_COMMENTS = YES;
				CLANG_WARN_EMPTY_BODY = YES;
				CLANG_WARN_ENUM_CONVERSION = YES;
				CLANG_WARN_INFINITE_RECURSION = YES;
				CLANG_WARN_INT_CONVERSION = YES;
				CLANG_WARN_NON_LITERAL_NULL_CONVERSION = YES;
				CLANG_WARN_OBJC_IMPLICIT_RETAIN_SELF = YES;
				CLANG_WARN_OBJC_LITERAL_CONVERSION = YES;
				CLANG_WARN_OBJC_ROOT_CLASS = YES_ERROR;
				CLANG_WARN_QUOTED_INCLUDE_IN_FRAMEWORK_HEADER = YES;
				CLANG_WARN_RANGE_LOOP_ANALYSIS = YES;
				CLANG_WARN_STRICT_PROTOTYPES = YES;
				CLANG_WARN_SUSPICIOUS_MOVE = YES;
				CLANG_WARN_UNGUARDED_AVAILABILITY = YES_AGGRESSIVE;
				CLANG_WARN_UNREACHABLE_CODE = YES;
				CLANG_WARN__DUPLICATE_METHOD_MATCH = YES;
				COPY_PHASE_STRIP = NO;
				DEBUG_INFORMATION_FORMAT = dwarf;
				ENABLE_STRICT_OBJC_MSGSEND = YES;
				ENABLE_TESTABILITY = YES;
				GCC_C_LANGUAGE_STANDARD = gnu11;
				GCC_DYNAMIC_NO_PIC = NO;
				GCC_NO_COMMON_BLOCKS = YES;
				GCC_OPTIMIZATION_LEVEL = 0;
				GCC_PREPROCESSOR_DEFINITIONS = (
					"DEBUG=1",
					"$(inherited)",
				);
				GCC_WARN_64_TO_32_BIT_CONVERSION = YES;
				GCC_WARN_ABOUT_RETURN_TYPE = YES_ERROR;
				GCC_WARN_UNDECLARED_SELECTOR = YES;
				GCC_WARN_UNINITIALIZED_AUTOS = YES_AGGRESSIVE;
				GCC_WARN_UNUSED_FUNCTION = YES;
				GCC_WARN_UNUSED_VARIABLE = YES;
				IPHONEOS_DEPLOYMENT_TARGET = 14.4;
				MTL_ENABLE_DEBUG_INFO = INCLUDE_SOURCE;
				MTL_FAST_MATH = YES;
				ONLY_ACTIVE_ARCH = YES;
				SDKROOT = iphoneos;
				SWIFT_ACTIVE_COMPILATION_CONDITIONS = DEBUG;
				SWIFT_OPTIMIZATION_LEVEL = "-Onone";
			};
			name = Debug;
		};
		CDE5129C25C397CB0008BE6E /* Release */ = {
			isa = XCBuildConfiguration;
			buildSettings = {
				ALWAYS_SEARCH_USER_PATHS = NO;
				CLANG_ANALYZER_NONNULL = YES;
				CLANG_ANALYZER_NUMBER_OBJECT_CONVERSION = YES_AGGRESSIVE;
				CLANG_CXX_LANGUAGE_STANDARD = "gnu++14";
				CLANG_CXX_LIBRARY = "libc++";
				CLANG_ENABLE_MODULES = YES;
				CLANG_ENABLE_OBJC_ARC = YES;
				CLANG_ENABLE_OBJC_WEAK = YES;
				CLANG_WARN_BLOCK_CAPTURE_AUTORELEASING = YES;
				CLANG_WARN_BOOL_CONVERSION = YES;
				CLANG_WARN_COMMA = YES;
				CLANG_WARN_CONSTANT_CONVERSION = YES;
				CLANG_WARN_DEPRECATED_OBJC_IMPLEMENTATIONS = YES;
				CLANG_WARN_DIRECT_OBJC_ISA_USAGE = YES_ERROR;
				CLANG_WARN_DOCUMENTATION_COMMENTS = YES;
				CLANG_WARN_EMPTY_BODY = YES;
				CLANG_WARN_ENUM_CONVERSION = YES;
				CLANG_WARN_INFINITE_RECURSION = YES;
				CLANG_WARN_INT_CONVERSION = YES;
				CLANG_WARN_NON_LITERAL_NULL_CONVERSION = YES;
				CLANG_WARN_OBJC_IMPLICIT_RETAIN_SELF = YES;
				CLANG_WARN_OBJC_LITERAL_CONVERSION = YES;
				CLANG_WARN_OBJC_ROOT_CLASS = YES_ERROR;
				CLANG_WARN_QUOTED_INCLUDE_IN_FRAMEWORK_HEADER = YES;
				CLANG_WARN_RANGE_LOOP_ANALYSIS = YES;
				CLANG_WARN_STRICT_PROTOTYPES = YES;
				CLANG_WARN_SUSPICIOUS_MOVE = YES;
				CLANG_WARN_UNGUARDED_AVAILABILITY = YES_AGGRESSIVE;
				CLANG_WARN_UNREACHABLE_CODE = YES;
				CLANG_WARN__DUPLICATE_METHOD_MATCH = YES;
				COPY_PHASE_STRIP = NO;
				DEBUG_INFORMATION_FORMAT = "dwarf-with-dsym";
				ENABLE_NS_ASSERTIONS = NO;
				ENABLE_STRICT_OBJC_MSGSEND = YES;
				GCC_C_LANGUAGE_STANDARD = gnu11;
				GCC_NO_COMMON_BLOCKS = YES;
				GCC_WARN_64_TO_32_BIT_CONVERSION = YES;
				GCC_WARN_ABOUT_RETURN_TYPE = YES_ERROR;
				GCC_WARN_UNDECLARED_SELECTOR = YES;
				GCC_WARN_UNINITIALIZED_AUTOS = YES_AGGRESSIVE;
				GCC_WARN_UNUSED_FUNCTION = YES;
				GCC_WARN_UNUSED_VARIABLE = YES;
				IPHONEOS_DEPLOYMENT_TARGET = 14.4;
				MTL_ENABLE_DEBUG_INFO = NO;
				MTL_FAST_MATH = YES;
				SDKROOT = iphoneos;
				SWIFT_COMPILATION_MODE = wholemodule;
				SWIFT_OPTIMIZATION_LEVEL = "-O";
				VALIDATE_PRODUCT = YES;
			};
			name = Release;
		};
		CDE5129E25C397CB0008BE6E /* Debug */ = {
			isa = XCBuildConfiguration;
			buildSettings = {
				ASSETCATALOG_COMPILER_APPICON_NAME = AppIcon;
				ASSETCATALOG_COMPILER_GLOBAL_ACCENT_COLOR_NAME = AccentColor;
				CODE_SIGN_STYLE = Automatic;
				INFOPLIST_FILE = GameApp/Info.plist;
				LD_RUNPATH_SEARCH_PATHS = (
					"$(inherited)",
					"@executable_path/Frameworks",
				);
				PRODUCT_BUNDLE_IDENTIFIER = edu.northeastern.ashwini.GameApp;
				PRODUCT_NAME = "$(TARGET_NAME)";
				SWIFT_VERSION = 5.0;
				TARGETED_DEVICE_FAMILY = "1,2";
			};
			name = Debug;
		};
		CDE5129F25C397CB0008BE6E /* Release */ = {
			isa = XCBuildConfiguration;
			buildSettings = {
				ASSETCATALOG_COMPILER_APPICON_NAME = AppIcon;
				ASSETCATALOG_COMPILER_GLOBAL_ACCENT_COLOR_NAME = AccentColor;
				CODE_SIGN_STYLE = Automatic;
				INFOPLIST_FILE = GameApp/Info.plist;
				LD_RUNPATH_SEARCH_PATHS = (
					"$(inherited)",
					"@executable_path/Frameworks",
				);
				PRODUCT_BUNDLE_IDENTIFIER = edu.northeastern.ashwini.GameApp;
				PRODUCT_NAME = "$(TARGET_NAME)";
				SWIFT_VERSION = 5.0;
				TARGETED_DEVICE_FAMILY = "1,2";
			};
			name = Release;
		};
		CDE512A125C397CB0008BE6E /* Debug */ = {
			isa = XCBuildConfiguration;
			buildSettings = {
				ALWAYS_EMBED_SWIFT_STANDARD_LIBRARIES = YES;
				BUNDLE_LOADER = "$(TEST_HOST)";
				CODE_SIGN_STYLE = Automatic;
				INFOPLIST_FILE = GameAppTests/Info.plist;
				IPHONEOS_DEPLOYMENT_TARGET = 14.4;
				LD_RUNPATH_SEARCH_PATHS = (
					"$(inherited)",
					"@executable_path/Frameworks",
					"@loader_path/Frameworks",
				);
				PRODUCT_BUNDLE_IDENTIFIER = edu.northeastern.ashwini.GameAppTests;
				PRODUCT_NAME = "$(TARGET_NAME)";
				SWIFT_VERSION = 5.0;
				TARGETED_DEVICE_FAMILY = "1,2";
				TEST_HOST = "$(BUILT_PRODUCTS_DIR)/GameApp.app/GameApp";
			};
			name = Debug;
		};
		CDE512A225C397CB0008BE6E /* Release */ = {
			isa = XCBuildConfiguration;
			buildSettings = {
				ALWAYS_EMBED_SWIFT_STANDARD_LIBRARIES = YES;
				BUNDLE_LOADER = "$(TEST_HOST)";
				CODE_SIGN_STYLE = Automatic;
				INFOPLIST_FILE = GameAppTests/Info.plist;
				IPHONEOS_DEPLOYMENT_TARGET = 14.4;
				LD_RUNPATH_SEARCH_PATHS = (
					"$(inherited)",
					"@executable_path/Frameworks",
					"@loader_path/Frameworks",
				);
				PRODUCT_BUNDLE_IDENTIFIER = edu.northeastern.ashwini.GameAppTests;
				PRODUCT_NAME = "$(TARGET_NAME)";
				SWIFT_VERSION = 5.0;
				TARGETED_DEVICE_FAMILY = "1,2";
				TEST_HOST = "$(BUILT_PRODUCTS_DIR)/GameApp.app/GameApp";
			};
			name = Release;
		};
		CDE512A425C397CB0008BE6E /* Debug */ = {
			isa = XCBuildConfiguration;
			buildSettings = {
				ALWAYS_EMBED_SWIFT_STANDARD_LIBRARIES = YES;
				CODE_SIGN_STYLE = Automatic;
				INFOPLIST_FILE = GameAppUITests/Info.plist;
				LD_RUNPATH_SEARCH_PATHS = (
					"$(inherited)",
					"@executable_path/Frameworks",
					"@loader_path/Frameworks",
				);
				PRODUCT_BUNDLE_IDENTIFIER = edu.northeastern.ashwini.GameAppUITests;
				PRODUCT_NAME = "$(TARGET_NAME)";
				SWIFT_VERSION = 5.0;
				TARGETED_DEVICE_FAMILY = "1,2";
				TEST_TARGET_NAME = GameApp;
			};
			name = Debug;
		};
		CDE512A525C397CB0008BE6E /* Release */ = {
			isa = XCBuildConfiguration;
			buildSettings = {
				ALWAYS_EMBED_SWIFT_STANDARD_LIBRARIES = YES;
				CODE_SIGN_STYLE = Automatic;
				INFOPLIST_FILE = GameAppUITests/Info.plist;
				LD_RUNPATH_SEARCH_PATHS = (
					"$(inherited)",
					"@executable_path/Frameworks",
					"@loader_path/Frameworks",
				);
				PRODUCT_BUNDLE_IDENTIFIER = edu.northeastern.ashwini.GameAppUITests;
				PRODUCT_NAME = "$(TARGET_NAME)";
				SWIFT_VERSION = 5.0;
				TARGETED_DEVICE_FAMILY = "1,2";
				TEST_TARGET_NAME = GameApp;
			};
			name = Release;
		};
/* End XCBuildConfiguration section */

/* Begin XCConfigurationList section */
		CDE5126E25C397C90008BE6E /* Build configuration list for PBXProject "GameApp" */ = {
			isa = XCConfigurationList;
			buildConfigurations = (
				CDE5129B25C397CB0008BE6E /* Debug */,
				CDE5129C25C397CB0008BE6E /* Release */,
			);
			defaultConfigurationIsVisible = 0;
			defaultConfigurationName = Release;
		};
		CDE5129D25C397CB0008BE6E /* Build configuration list for PBXNativeTarget "GameApp" */ = {
			isa = XCConfigurationList;
			buildConfigurations = (
				CDE5129E25C397CB0008BE6E /* Debug */,
				CDE5129F25C397CB0008BE6E /* Release */,
			);
			defaultConfigurationIsVisible = 0;
			defaultConfigurationName = Release;
		};
		CDE512A025C397CB0008BE6E /* Build configuration list for PBXNativeTarget "GameAppTests" */ = {
			isa = XCConfigurationList;
			buildConfigurations = (
				CDE512A125C397CB0008BE6E /* Debug */,
				CDE512A225C397CB0008BE6E /* Release */,
			);
			defaultConfigurationIsVisible = 0;
			defaultConfigurationName = Release;
		};
		CDE512A325C397CB0008BE6E /* Build configuration list for PBXNativeTarget "GameAppUITests" */ = {
			isa = XCConfigurationList;
			buildConfigurations = (
				CDE512A425C397CB0008BE6E /* Debug */,
				CDE512A525C397CB0008BE6E /* Release */,
			);
			defaultConfigurationIsVisible = 0;
			defaultConfigurationName = Release;
		};
/* End XCConfigurationList section */
	};
	rootObject = CDE5126B25C397C90008BE6E /* Project object */;
}
